PODS:
  - DebugKit/Core (0.1.0)
  - DebugKit/FileLogViewer (0.1.0)
  - DebugKit/JsonViewer (0.1.0)
  - DebugKit/Log (0.1.0)
  - DebugKit/MsgSimulation (0.1.0)
  - DebugKit/UserDefaults (0.1.0)

DEPENDENCIES:
  - DebugKit/Core (from `../`)
  - DebugKit/FileLogViewer (from `../`)
  - DebugKit/JsonViewer (from `../`)
  - DebugKit/Log (from `../`)
  - DebugKit/MsgSimulation (from `../`)
  - DebugKit/UserDefaults (from `../`)

EXTERNAL SOURCES:
  DebugKit:
    :path: "../"

SPEC CHECKSUMS:
  DebugKit: 8083129762be4a9897e4fae3f834ceb7b62ddc7f

PODFILE CHECKSUM: c580e38cec51d6b5afd9aef3dca8968707ba0d47

COCOAPODS: 1.10.1
