PODS:
  - DebugKit/Core (0.1.0)
  - DebugKit/FileLogViewer (0.1.0):
    - DebugKit/Core
    - DebugKit/JsonViewer
    - DebugKit/Log
  - DebugKit/H5Portal (0.1.0):
    - DebugKit/Core
  - DebugKit/JsonViewer (0.1.0):
    - DebugKit/Core
  - DebugKit/Log (0.1.0):
    - DebugKit/Core
  - DebugKit/MsgSimulation (0.1.0):
    - DebugKit/Core
    - DebugKit/Log
  - DebugKit/UserDefaults (0.1.0):
    - DebugKit/Core

DEPENDENCIES:
  - DebugKit/Core (from `../`)
  - DebugKit/FileLogViewer (from `../`)
  - DebugKit/H5Portal (from `../`)
  - DebugKit/MsgSimulation (from `../`)
  - DebugKit/UserDefaults (from `../`)

EXTERNAL SOURCES:
  DebugKit:
    :path: "../"

SPEC CHECKSUMS:
  DebugKit: 315f2c590c8de8d8b38b74ecf5f95cdbde5110d3

PODFILE CHECKSUM: bca7e85497332fadf4bac096d5e29a70b320c998

COCOAPODS: 1.10.1
